
Microsoft Visual Studio Solution File, Format Version 12.00
# Visual Studio 15
VisualStudioVersion = 15.0.26430.16
MinimumVisualStudioVersion = 10.0.40219.1
Project("{FAE04EC0-301F-11D3-BF4B-00C04F79EFBC}") = "DateApp", "DateApp\DateApp.csproj", "{ED849B5C-8FD1-4E14-A6BA-4C5A782097C0}"
EndProject
Global
	GlobalSection(SolutionConfigurationPlatforms) = preSolution
		Debug|Any CPU = Debug|Any CPU
		Release|Any CPU = Release|Any CPU
	EndGlobalSection
	GlobalSection(ProjectConfigurationPlatforms) = postSolution
		{ED849B5C-8FD1-4E14-A6BA-4C5A782097C0}.Debug|Any CPU.ActiveCfg = Debug|Any CPU
		{ED849B5C-8FD1-4E14-A6BA-4C5A782097C0}.Debug|Any CPU.Build.0 = Debug|Any CPU
		{ED849B5C-8FD1-4E14-A6BA-4C5A782097C0}.Release|Any CPU.ActiveCfg = Release|Any CPU
		{ED849B5C-8FD1-4E14-A6BA-4C5A782097C0}.Release|Any CPU.Build.0 = Release|Any CPU
	EndGlobalSection
	GlobalSection(SolutionProperties) = preSolution
		HideSolutionNode = FALSE
	EndGlobalSection
EndGlobal
